
Microsoft Visual Studio Solution File, Format Version 12.00
# Visual Studio Version 17
VisualStudioVersion = 17.0.32112.339
MinimumVisualStudioVersion = 10.0.40219.1
Project("{FAE04EC0-301F-11D3-BF4B-00C04F79EFBC}") = "PrintArrayElement", "PrintArrayElement\PrintArrayElement.csproj", "{188E2C4B-98FD-479F-BF15-94FC63B2669A}"
EndProject
Global
	GlobalSection(SolutionConfigurationPlatforms) = preSolution
		Debug|Any CPU = Debug|Any CPU
		Release|Any CPU = Release|Any CPU
	EndGlobalSection
	GlobalSection(ProjectConfigurationPlatforms) = postSolution
		{188E2C4B-98FD-479F-BF15-94FC63B2669A}.Debug|Any CPU.ActiveCfg = Debug|Any CPU
		{188E2C4B-98FD-479F-BF15-94FC63B2669A}.Debug|Any CPU.Build.0 = Debug|Any CPU
		{188E2C4B-98FD-479F-BF15-94FC63B2669A}.Release|Any CPU.ActiveCfg = Release|Any CPU
		{188E2C4B-98FD-479F-BF15-94FC63B2669A}.Release|Any CPU.Build.0 = Release|Any CPU
	EndGlobalSection
	GlobalSection(SolutionProperties) = preSolution
		HideSolutionNode = FALSE
	EndGlobalSection
	GlobalSection(ExtensibilityGlobals) = postSolution
		SolutionGuid = {B5505CEF-48E6-46AE-8F4B-ABC5417FC606}
	EndGlobalSection
EndGlobal
